
Microsoft Visual Studio Solution File, Format Version 12.00
# Visual Studio Version 16
VisualStudioVersion = 16.0.29519.87
MinimumVisualStudioVersion = 10.0.40219.1
Project("{FAE04EC0-301F-11D3-BF4B-00C04F79EFBC}") = "ToolBox.Services", "ToolBox.Services\ToolBox.Services.csproj", "{D7ED436E-98BF-4A51-AA2B-FE7772522F52}"
EndProject
Project("{FAE04EC0-301F-11D3-BF4B-00C04F79EFBC}") = "Services.Test", "Services.Test\Services.Test.csproj", "{7B189047-15BB-41B1-BA49-E19A62DD45E8}"
EndProject
Project("{FAE04EC0-301F-11D3-BF4B-00C04F79EFBC}") = "ToolBox.Android", "ToolBox\ToolBox.Android\ToolBox.Android.csproj", "{87B8745B-B46C-4C58-B2C6-5CC4DF310D4C}"
EndProject
Project("{FAE04EC0-301F-11D3-BF4B-00C04F79EFBC}") = "ToolBox.iOS", "ToolBox\ToolBox.iOS\ToolBox.iOS.csproj", "{DE8CFE31-2939-4DDC-B8A9-F4DEA5E39DCD}"
EndProject
Project("{FAE04EC0-301F-11D3-BF4B-00C04F79EFBC}") = "ToolBox", "ToolBox\ToolBox\ToolBox.csproj", "{F9541675-A281-46CA-AD5C-7139EA9B7EB9}"
EndProject
Global
	GlobalSection(SolutionConfigurationPlatforms) = preSolution
		Debug|Any CPU = Debug|Any CPU
		Debug|iPhone = Debug|iPhone
		Debug|iPhoneSimulator = Debug|iPhoneSimulator
		Release|Any CPU = Release|Any CPU
		Release|iPhone = Release|iPhone
		Release|iPhoneSimulator = Release|iPhoneSimulator
	EndGlobalSection
	GlobalSection(ProjectConfigurationPlatforms) = postSolution
		{D7ED436E-98BF-4A51-AA2B-FE7772522F52}.Debug|Any CPU.ActiveCfg = Debug|Any CPU
		{D7ED436E-98BF-4A51-AA2B-FE7772522F52}.Debug|Any CPU.Build.0 = Debug|Any CPU
		{D7ED436E-98BF-4A51-AA2B-FE7772522F52}.Debug|iPhone.ActiveCfg = Debug|Any CPU
		{D7ED436E-98BF-4A51-AA2B-FE7772522F52}.Debug|iPhone.Build.0 = Debug|Any CPU
		{D7ED436E-98BF-4A51-AA2B-FE7772522F52}.Debug|iPhoneSimulator.ActiveCfg = Debug|Any CPU
		{D7ED436E-98BF-4A51-AA2B-FE7772522F52}.Debug|iPhoneSimulator.Build.0 = Debug|Any CPU
		{D7ED436E-98BF-4A51-AA2B-FE7772522F52}.Release|Any CPU.ActiveCfg = Release|Any CPU
		{D7ED436E-98BF-4A51-AA2B-FE7772522F52}.Release|Any CPU.Build.0 = Release|Any CPU
		{D7ED436E-98BF-4A51-AA2B-FE7772522F52}.Release|iPhone.ActiveCfg = Release|Any CPU
		{D7ED436E-98BF-4A51-AA2B-FE7772522F52}.Release|iPhone.Build.0 = Release|Any CPU
		{D7ED436E-98BF-4A51-AA2B-FE7772522F52}.Release|iPhoneSimulator.ActiveCfg = Release|Any CPU
		{D7ED436E-98BF-4A51-AA2B-FE7772522F52}.Release|iPhoneSimulator.Build.0 = Release|Any CPU
		{7B189047-15BB-41B1-BA49-E19A62DD45E8}.Debug|Any CPU.ActiveCfg = Debug|Any CPU
		{7B189047-15BB-41B1-BA49-E19A62DD45E8}.Debug|Any CPU.Build.0 = Debug|Any CPU
		{7B189047-15BB-41B1-BA49-E19A62DD45E8}.Debug|iPhone.ActiveCfg = Debug|Any CPU
		{7B189047-15BB-41B1-BA49-E19A62DD45E8}.Debug|iPhone.Build.0 = Debug|Any CPU
		{7B189047-15BB-41B1-BA49-E19A62DD45E8}.Debug|iPhoneSimulator.ActiveCfg = Debug|Any CPU
		{7B189047-15BB-41B1-BA49-E19A62DD45E8}.Debug|iPhoneSimulator.Build.0 = Debug|Any CPU
		{7B189047-15BB-41B1-BA49-E19A62DD45E8}.Release|Any CPU.ActiveCfg = Release|Any CPU
		{7B189047-15BB-41B1-BA49-E19A62DD45E8}.Release|Any CPU.Build.0 = Release|Any CPU
		{7B189047-15BB-41B1-BA49-E19A62DD45E8}.Release|iPhone.ActiveCfg = Release|Any CPU
		{7B189047-15BB-41B1-BA49-E19A62DD45E8}.Release|iPhone.Build.0 = Release|Any CPU
		{7B189047-15BB-41B1-BA49-E19A62DD45E8}.Release|iPhoneSimulator.ActiveCfg = Release|Any CPU
		{7B189047-15BB-41B1-BA49-E19A62DD45E8}.Release|iPhoneSimulator.Build.0 = Release|Any CPU
		{87B8745B-B46C-4C58-B2C6-5CC4DF310D4C}.Debug|Any CPU.ActiveCfg = Debug|Any CPU
		{87B8745B-B46C-4C58-B2C6-5CC4DF310D4C}.Debug|Any CPU.Build.0 = Debug|Any CPU
		{87B8745B-B46C-4C58-B2C6-5CC4DF310D4C}.Debug|Any CPU.Deploy.0 = Debug|Any CPU
		{87B8745B-B46C-4C58-B2C6-5CC4DF310D4C}.Debug|iPhone.ActiveCfg = Debug|Any CPU
		{87B8745B-B46C-4C58-B2C6-5CC4DF310D4C}.Debug|iPhone.Build.0 = Debug|Any CPU
		{87B8745B-B46C-4C58-B2C6-5CC4DF310D4C}.Debug|iPhone.Deploy.0 = Debug|Any CPU
		{87B8745B-B46C-4C58-B2C6-5CC4DF310D4C}.Debug|iPhoneSimulator.ActiveCfg = Debug|Any CPU
		{87B8745B-B46C-4C58-B2C6-5CC4DF310D4C}.Debug|iPhoneSimulator.Build.0 = Debug|Any CPU
		{87B8745B-B46C-4C58-B2C6-5CC4DF310D4C}.Debug|iPhoneSimulator.Deploy.0 = Debug|Any CPU
		{87B8745B-B46C-4C58-B2C6-5CC4DF310D4C}.Release|Any CPU.ActiveCfg = Release|Any CPU
		{87B8745B-B46C-4C58-B2C6-5CC4DF310D4C}.Release|Any CPU.Build.0 = Release|Any CPU
		{87B8745B-B46C-4C58-B2C6-5CC4DF310D4C}.Release|Any CPU.Deploy.0 = Release|Any CPU
		{87B8745B-B46C-4C58-B2C6-5CC4DF310D4C}.Release|iPhone.ActiveCfg = Release|Any CPU
		{87B8745B-B46C-4C58-B2C6-5CC4DF310D4C}.Release|iPhone.Build.0 = Release|Any CPU
		{87B8745B-B46C-4C58-B2C6-5CC4DF310D4C}.Release|iPhone.Deploy.0 = Release|Any CPU
		{87B8745B-B46C-4C58-B2C6-5CC4DF310D4C}.Release|iPhoneSimulator.ActiveCfg = Release|Any CPU
		{87B8745B-B46C-4C58-B2C6-5CC4DF310D4C}.Release|iPhoneSimulator.Build.0 = Release|Any CPU
		{87B8745B-B46C-4C58-B2C6-5CC4DF310D4C}.Release|iPhoneSimulator.Deploy.0 = Release|Any CPU
		{DE8CFE31-2939-4DDC-B8A9-F4DEA5E39DCD}.Debug|Any CPU.ActiveCfg = Debug|iPhone
		{DE8CFE31-2939-4DDC-B8A9-F4DEA5E39DCD}.Debug|iPhone.ActiveCfg = Debug|iPhone
		{DE8CFE31-2939-4DDC-B8A9-F4DEA5E39DCD}.Debug|iPhone.Build.0 = Debug|iPhone
		{DE8CFE31-2939-4DDC-B8A9-F4DEA5E39DCD}.Debug|iPhoneSimulator.ActiveCfg = Debug|iPhoneSimulator
		{DE8CFE31-2939-4DDC-B8A9-F4DEA5E39DCD}.Debug|iPhoneSimulator.Build.0 = Debug|iPhoneSimulator
		{DE8CFE31-2939-4DDC-B8A9-F4DEA5E39DCD}.Release|Any CPU.ActiveCfg = Release|iPhone
		{DE8CFE31-2939-4DDC-B8A9-F4DEA5E39DCD}.Release|iPhone.ActiveCfg = Release|iPhone
		{DE8CFE31-2939-4DDC-B8A9-F4DEA5E39DCD}.Release|iPhone.Build.0 = Release|iPhone
		{DE8CFE31-2939-4DDC-B8A9-F4DEA5E39DCD}.Release|iPhoneSimulator.ActiveCfg = Release|iPhoneSimulator
		{DE8CFE31-2939-4DDC-B8A9-F4DEA5E39DCD}.Release|iPhoneSimulator.Build.0 = Release|iPhoneSimulator
		{F9541675-A281-46CA-AD5C-7139EA9B7EB9}.Debug|Any CPU.ActiveCfg = Debug|Any CPU
		{F9541675-A281-46CA-AD5C-7139EA9B7EB9}.Debug|Any CPU.Build.0 = Debug|Any CPU
		{F9541675-A281-46CA-AD5C-7139EA9B7EB9}.Debug|iPhone.ActiveCfg = Debug|Any CPU
		{F9541675-A281-46CA-AD5C-7139EA9B7EB9}.Debug|iPhone.Build.0 = Debug|Any CPU
		{F9541675-A281-46CA-AD5C-7139EA9B7EB9}.Debug|iPhoneSimulator.ActiveCfg = Debug|Any CPU
		{F9541675-A281-46CA-AD5C-7139EA9B7EB9}.Debug|iPhoneSimulator.Build.0 = Debug|Any CPU
		{F9541675-A281-46CA-AD5C-7139EA9B7EB9}.Release|Any CPU.ActiveCfg = Release|Any CPU
		{F9541675-A281-46CA-AD5C-7139EA9B7EB9}.Release|Any CPU.Build.0 = Release|Any CPU
		{F9541675-A281-46CA-AD5C-7139EA9B7EB9}.Release|iPhone.ActiveCfg = Release|Any CPU
		{F9541675-A281-46CA-AD5C-7139EA9B7EB9}.Release|iPhone.Build.0 = Release|Any CPU
		{F9541675-A281-46CA-AD5C-7139EA9B7EB9}.Release|iPhoneSimulator.ActiveCfg = Release|Any CPU
		{F9541675-A281-46CA-AD5C-7139EA9B7EB9}.Release|iPhoneSimulator.Build.0 = Release|Any CPU
	EndGlobalSection
	GlobalSection(SolutionProperties) = preSolution
		HideSolutionNode = FALSE
	EndGlobalSection
	GlobalSection(ExtensibilityGlobals) = postSolution
		SolutionGuid = {E7C0D69D-9727-4AE7-A7A1-76538AEF56AF}
	EndGlobalSection
EndGlobal
